
Microsoft Visual Studio Solution File, Format Version 12.00
# Visual Studio Version 17
VisualStudioVersion = 17.4.33205.214
MinimumVisualStudioVersion = 10.0.40219.1
Project("{FAE04EC0-301F-11D3-BF4B-00C04F79EFBC}") = "SuperHeroAPI", "SuperHeroAPI\SuperHeroAPI.csproj", "{FAC46DC1-248C-43C0-BBF1-F09DFEA55179}"
EndProject
Global
	GlobalSection(SolutionConfigurationPlatforms) = preSolution
		Debug|Any CPU = Debug|Any CPU
		Release|Any CPU = Release|Any CPU
	EndGlobalSection
	GlobalSection(ProjectConfigurationPlatforms) = postSolution
		{FAC46DC1-248C-43C0-BBF1-F09DFEA55179}.Debug|Any CPU.ActiveCfg = Debug|Any CPU
		{FAC46DC1-248C-43C0-BBF1-F09DFEA55179}.Debug|Any CPU.Build.0 = Debug|Any CPU
		{FAC46DC1-248C-43C0-BBF1-F09DFEA55179}.Release|Any CPU.ActiveCfg = Release|Any CPU
		{FAC46DC1-248C-43C0-BBF1-F09DFEA55179}.Release|Any CPU.Build.0 = Release|Any CPU
	EndGlobalSection
	GlobalSection(SolutionProperties) = preSolution
		HideSolutionNode = FALSE
	EndGlobalSection
	GlobalSection(ExtensibilityGlobals) = postSolution
		SolutionGuid = {51F1C3F2-7C42-4618-B401-1AE42C952E32}
	EndGlobalSection
EndGlobal
